{
    "name": "secret-manager-crypto-utils",
    "version": "0.0.4",
    "lockfileVersion": 1,
    "requires": true,
    "dependencies": {
        "noble-ed25519": {
            "version": "1.0.2",
            "resolved": "https://registry.npmjs.org/noble-ed25519/-/noble-ed25519-1.0.2.tgz",
            "integrity": "sha512-bPpdaCmoCOAYBHQixR2vLLKJ2D8SCJpcmbIEKRhTZwH1rMHJrROZBuNxCUVXUpjgJkNt2TvUWfZQsjwy+Kj7VQ=="
        },
        "thingy-byte-utils": {
            "version": "0.0.3",
            "resolved": "https://registry.npmjs.org/thingy-byte-utils/-/thingy-byte-utils-0.0.3.tgz",
            "integrity": "sha512-nvxpjNx4XG6RzEWusxhvrJ3VaK7xYWTDYMfwg36sH5mFCyYmqesT8/13V8+qRsd2TsbYVQs4nOvyFTpuJCSxVQ=="
        }
    }
}
