{
    "name": "secret-manager-crypto-utils",
    "version": "0.0.7",
    "lockfileVersion": 2,
    "requires": true,
    "packages": {
        "": {
            "name": "secret-manager-crypto-utils",
            "version": "0.0.7",
            "license": "Unlicense",
            "dependencies": {
                "noble-ed25519": "^1.2.5",
                "thingy-byte-utils": "0.0.4"
            },
            "bin": {
                "temporaryFiles": "index.js"
            }
        },
        "node_modules/noble-ed25519": {
            "version": "1.2.6",
            "resolved": "https://registry.npmjs.org/noble-ed25519/-/noble-ed25519-1.2.6.tgz",
            "integrity": "sha512-zfnWqg9FVMp8CnzUpAjbt1nDXpDjCvxYiCXdnW1mY8zQHw/6twUlkFm14VPdojVzc0kcd+i9zT79+26GcNbsuQ==",
            "deprecated": "Switch to namespaced @noble/ed25519 for security and feature updates"
        },
        "node_modules/thingy-byte-utils": {
            "version": "0.0.4",
            "resolved": "https://registry.npmjs.org/thingy-byte-utils/-/thingy-byte-utils-0.0.4.tgz",
            "integrity": "sha512-KuybItBxAZqu/KLn7jwOxurfQ/g7x+kWAW9mlLpTB3j8Ot3dqepdWhp+xZC2z7kuiDrQooTeQfnTC01Gn1Ck8w=="
        }
    },
    "dependencies": {
        "noble-ed25519": {
            "version": "1.2.6",
            "resolved": "https://registry.npmjs.org/noble-ed25519/-/noble-ed25519-1.2.6.tgz",
            "integrity": "sha512-zfnWqg9FVMp8CnzUpAjbt1nDXpDjCvxYiCXdnW1mY8zQHw/6twUlkFm14VPdojVzc0kcd+i9zT79+26GcNbsuQ=="
        },
        "thingy-byte-utils": {
            "version": "0.0.4",
            "resolved": "https://registry.npmjs.org/thingy-byte-utils/-/thingy-byte-utils-0.0.4.tgz",
            "integrity": "sha512-KuybItBxAZqu/KLn7jwOxurfQ/g7x+kWAW9mlLpTB3j8Ot3dqepdWhp+xZC2z7kuiDrQooTeQfnTC01Gn1Ck8w=="
        }
    }
}
