{
    "name": "secret-manager-crypto-utils",
    "version": "0.3.0",
    "lockfileVersion": 2,
    "requires": true,
    "packages": {
        "": {
            "name": "secret-manager-crypto-utils",
            "version": "0.3.0",
            "license": "Unlicense",
            "dependencies": {
                "@noble/curves": "^0.9.1",
                "@noble/ed25519": "^2.0.0",
                "thingy-byte-utils": "0.0.8"
            }
        },
        "node_modules/@noble/curves": {
            "version": "0.9.1",
            "resolved": "https://registry.npmjs.org/@noble/curves/-/curves-0.9.1.tgz",
            "integrity": "sha512-SpO5TViHvyBV8RrvGejzzl0+wbSm21q+hC6ZmK5NtqOjigR+WW9OohvKL0M3EHKvWzqaZ5Z7F46ejxAVDTBnvQ==",
            "funding": [
                {
                    "type": "individual",
                    "url": "https://paulmillr.com/funding/"
                }
            ],
            "dependencies": {
                "@noble/hashes": "1.3.0"
            }
        },
        "node_modules/@noble/ed25519": {
            "version": "2.0.0",
            "resolved": "https://registry.npmjs.org/@noble/ed25519/-/ed25519-2.0.0.tgz",
            "integrity": "sha512-/extjhkwFupyopDrt80OMWKdLgP429qLZj+z6sYJz90rF2Iz0gjZh2ArMKPImUl13Kx+0EXI2hN9T/KJV0/Zng==",
            "funding": [
                {
                    "type": "individual",
                    "url": "https://paulmillr.com/funding/"
                }
            ]
        },
        "node_modules/@noble/hashes": {
            "version": "1.3.0",
            "resolved": "https://registry.npmjs.org/@noble/hashes/-/hashes-1.3.0.tgz",
            "integrity": "sha512-ilHEACi9DwqJB0pw7kv+Apvh50jiiSyR/cQ3y4W7lOR5mhvn/50FLUfsnfJz0BDZtl/RR16kXvptiv6q1msYZg==",
            "funding": [
                {
                    "type": "individual",
                    "url": "https://paulmillr.com/funding/"
                }
            ]
        },
        "node_modules/thingy-byte-utils": {
            "version": "0.0.8",
            "resolved": "https://registry.npmjs.org/thingy-byte-utils/-/thingy-byte-utils-0.0.8.tgz",
            "integrity": "sha512-m9+aSv0XrU1g6Da61Qq0ZnyflSYx1/uWfD98UFziOV4WMrEzE5eHTjXGhxhFRzauL3EkwujZZJbOBxj8PzHyAg=="
        }
    },
    "dependencies": {
        "@noble/curves": {
            "version": "0.9.1",
            "resolved": "https://registry.npmjs.org/@noble/curves/-/curves-0.9.1.tgz",
            "integrity": "sha512-SpO5TViHvyBV8RrvGejzzl0+wbSm21q+hC6ZmK5NtqOjigR+WW9OohvKL0M3EHKvWzqaZ5Z7F46ejxAVDTBnvQ==",
            "requires": {
                "@noble/hashes": "1.3.0"
            }
        },
        "@noble/ed25519": {
            "version": "2.0.0",
            "resolved": "https://registry.npmjs.org/@noble/ed25519/-/ed25519-2.0.0.tgz",
            "integrity": "sha512-/extjhkwFupyopDrt80OMWKdLgP429qLZj+z6sYJz90rF2Iz0gjZh2ArMKPImUl13Kx+0EXI2hN9T/KJV0/Zng=="
        },
        "@noble/hashes": {
            "version": "1.3.0",
            "resolved": "https://registry.npmjs.org/@noble/hashes/-/hashes-1.3.0.tgz",
            "integrity": "sha512-ilHEACi9DwqJB0pw7kv+Apvh50jiiSyR/cQ3y4W7lOR5mhvn/50FLUfsnfJz0BDZtl/RR16kXvptiv6q1msYZg=="
        },
        "thingy-byte-utils": {
            "version": "0.0.8",
            "resolved": "https://registry.npmjs.org/thingy-byte-utils/-/thingy-byte-utils-0.0.8.tgz",
            "integrity": "sha512-m9+aSv0XrU1g6Da61Qq0ZnyflSYx1/uWfD98UFziOV4WMrEzE5eHTjXGhxhFRzauL3EkwujZZJbOBxj8PzHyAg=="
        }
    }
}
